<?xml version="1.0" encoding="utf-8"?>
<Project ToolsVersion="4.0" xmlns="http://schemas.microsoft.com/developer/msbuild/2003">
  <ItemGroup>
    <ClInclude Include="$(MSBuildThisFileDirectory)pch.h" />
    <ClInclude Include="$(MSBuildThisFileDirectory)SList.h">
      <Filter>Containers</Filter>
    </ClInclude>
    <ClInclude Include="$(MSBuildThisFileDirectory)Vector.h">
      <Filter>Containers</Filter>
    </ClInclude>
    <ClInclude Include="$(MSBuildThisFileDirectory)HashMap.h">
      <Filter>Containers</Filter>
    </ClInclude>
    <ClInclude Include="$(MSBuildThisFileDirectory)RTTI.h">
      <Filter>Runtime</Filter>
    </ClInclude>
    <ClInclude Include="$(MSBuildThisFileDirectory)Datum.h">
      <Filter>Runtime</Filter>
    </ClInclude>
    <ClInclude Include="$(MSBuildThisFileDirectory)Scope.h">
      <Filter>Runtime</Filter>
    </ClInclude>
    <ClInclude Include="$(MSBuildThisFileDirectory)Attributed.h">
      <Filter>Runtime</Filter>
    </ClInclude>
    <ClInclude Include="$(MSBuildThisFileDirectory)IXmlParseHelper.h">
      <Filter>Configuration\XmlParsing</Filter>
    </ClInclude>
    <ClInclude Include="$(MSBuildThisFileDirectory)TableSharedData.h">
      <Filter>Configuration\XmlParsing</Filter>
    </ClInclude>
    <ClInclude Include="$(MSBuildThisFileDirectory)XmlParseHelperNumber.h">
      <Filter>Configuration\XmlParsing</Filter>
    </ClInclude>
    <ClInclude Include="$(MSBuildThisFileDirectory)XmlParseHelperString.h">
      <Filter>Configuration\XmlParsing</Filter>
    </ClInclude>
    <ClInclude Include="$(MSBuildThisFileDirectory)XmlParseHelperTable.h">
      <Filter>Configuration\XmlParsing</Filter>
    </ClInclude>
    <ClInclude Include="$(MSBuildThisFileDirectory)XmlParseHelperVector.h">
      <Filter>Configuration\XmlParsing</Filter>
    </ClInclude>
    <ClInclude Include="$(MSBuildThisFileDirectory)XmlParseMaster.h">
      <Filter>Configuration\XmlParsing</Filter>
    </ClInclude>
    <ClInclude Include="$(MSBuildThisFileDirectory)XmlParseHelperMatrix.h">
      <Filter>Configuration\XmlParsing</Filter>
    </ClInclude>
    <ClInclude Include="$(MSBuildThisFileDirectory)Factory.h">
      <Filter>Configuration\Factory</Filter>
    </ClInclude>
    <ClInclude Include="$(MSBuildThisFileDirectory)WorldState.h">
      <Filter>Configuration\Scripting</Filter>
    </ClInclude>
    <ClInclude Include="$(MSBuildThisFileDirectory)GameTime.h">
      <Filter>Misc</Filter>
    </ClInclude>
    <ClInclude Include="$(MSBuildThisFileDirectory)GameClock.h">
      <Filter>Misc</Filter>
    </ClInclude>
    <ClInclude Include="$(MSBuildThisFileDirectory)Entity.h">
      <Filter>Configuration\Scripting</Filter>
    </ClInclude>
    <ClInclude Include="$(MSBuildThisFileDirectory)Sector.h">
      <Filter>Configuration\Scripting</Filter>
    </ClInclude>
    <ClInclude Include="$(MSBuildThisFileDirectory)World.h">
      <Filter>Configuration\Scripting</Filter>
    </ClInclude>
    <ClInclude Include="$(MSBuildThisFileDirectory)EntityFactory.h">
      <Filter>Configuration\Factory</Filter>
    </ClInclude>
    <ClInclude Include="$(MSBuildThisFileDirectory)WorldSharedData.h">
      <Filter>Configuration\XmlParsing</Filter>
    </ClInclude>
    <ClInclude Include="$(MSBuildThisFileDirectory)XmlParseHelperSector.h">
      <Filter>Configuration\XmlParsing</Filter>
    </ClInclude>
    <ClInclude Include="$(MSBuildThisFileDirectory)XmlParseHelperWorld.h">
      <Filter>Configuration\XmlParsing</Filter>
    </ClInclude>
    <ClInclude Include="$(MSBuildThisFileDirectory)XmlParseHelperEntity.h">
      <Filter>Configuration\XmlParsing</Filter>
    </ClInclude>
    <ClInclude Include="$(MSBuildThisFileDirectory)Action.h">
      <Filter>Configuration\Scripting</Filter>
    </ClInclude>
    <ClInclude Include="$(MSBuildThisFileDirectory)ActionList.h">
      <Filter>Configuration\Scripting</Filter>
    </ClInclude>
    <ClInclude Include="$(MSBuildThisFileDirectory)XmlParseHelperAction.h">
      <Filter>Configuration\XmlParsing</Filter>
    </ClInclude>
  </ItemGroup>
  <ItemGroup>
    <ClCompile Include="$(MSBuildThisFileDirectory)pch.cpp" />
    <ClCompile Include="$(MSBuildThisFileDirectory)Datum.cpp">
      <Filter>Runtime</Filter>
    </ClCompile>
    <ClCompile Include="$(MSBuildThisFileDirectory)Scope.cpp">
      <Filter>Runtime</Filter>
    </ClCompile>
    <ClCompile Include="$(MSBuildThisFileDirectory)Attributed.cpp">
      <Filter>Runtime</Filter>
    </ClCompile>
    <ClCompile Include="$(MSBuildThisFileDirectory)IXmlParseHelper.cpp">
      <Filter>Configuration\XmlParsing</Filter>
    </ClCompile>
    <ClCompile Include="$(MSBuildThisFileDirectory)TableSharedData.cpp">
      <Filter>Configuration\XmlParsing</Filter>
    </ClCompile>
    <ClCompile Include="$(MSBuildThisFileDirectory)XmlParseHelperNumber.cpp">
      <Filter>Configuration\XmlParsing</Filter>
    </ClCompile>
    <ClCompile Include="$(MSBuildThisFileDirectory)XmlParseHelperString.cpp">
      <Filter>Configuration\XmlParsing</Filter>
    </ClCompile>
    <ClCompile Include="$(MSBuildThisFileDirectory)XmlParseHelperTable.cpp">
      <Filter>Configuration\XmlParsing</Filter>
    </ClCompile>
    <ClCompile Include="$(MSBuildThisFileDirectory)XmlParseHelperVector.cpp">
      <Filter>Configuration\XmlParsing</Filter>
    </ClCompile>
    <ClCompile Include="$(MSBuildThisFileDirectory)XmlParseMaster.cpp">
      <Filter>Configuration\XmlParsing</Filter>
    </ClCompile>
    <ClCompile Include="$(MSBuildThisFileDirectory)XmlParseHelperMatrix.cpp">
      <Filter>Configuration\XmlParsing</Filter>
    </ClCompile>
    <ClCompile Include="$(MSBuildThisFileDirectory)WorldState.cpp">
      <Filter>Configuration\Scripting</Filter>
    </ClCompile>
    <ClCompile Include="$(MSBuildThisFileDirectory)GameTime.cpp">
      <Filter>Misc</Filter>
    </ClCompile>
    <ClCompile Include="$(MSBuildThisFileDirectory)GameClock.cpp">
      <Filter>Misc</Filter>
    </ClCompile>
    <ClCompile Include="$(MSBuildThisFileDirectory)Entity.cpp">
      <Filter>Configuration\Scripting</Filter>
    </ClCompile>
    <ClCompile Include="$(MSBuildThisFileDirectory)Sector.cpp">
      <Filter>Configuration\Scripting</Filter>
    </ClCompile>
    <ClCompile Include="$(MSBuildThisFileDirectory)World.cpp">
      <Filter>Configuration\Scripting</Filter>
    </ClCompile>
    <ClCompile Include="$(MSBuildThisFileDirectory)WorldSharedData.cpp">
      <Filter>Configuration\XmlParsing</Filter>
    </ClCompile>
    <ClCompile Include="$(MSBuildThisFileDirectory)XmlParseHelperWorld.cpp">
      <Filter>Configuration\XmlParsing</Filter>
    </ClCompile>
    <ClCompile Include="$(MSBuildThisFileDirectory)XmlParseHelperSector.cpp">
      <Filter>Configuration\XmlParsing</Filter>
    </ClCompile>
    <ClCompile Include="$(MSBuildThisFileDirectory)XmlParseHelperEntity.cpp">
      <Filter>Configuration\XmlParsing</Filter>
    </ClCompile>
    <ClCompile Include="$(MSBuildThisFileDirectory)Action.cpp">
      <Filter>Configuration\Scripting</Filter>
    </ClCompile>
    <ClCompile Include="$(MSBuildThisFileDirectory)ActionList.cpp">
      <Filter>Configuration\Scripting</Filter>
    </ClCompile>
    <ClCompile Include="$(MSBuildThisFileDirectory)XmlParseHelperAction.cpp">
      <Filter>Configuration\XmlParsing</Filter>
    </ClCompile>
  </ItemGroup>
  <ItemGroup>
    <Filter Include="Containers">
      <UniqueIdentifier>{1304b70c-1789-47d7-93bf-c3297dbcfd56}</UniqueIdentifier>
    </Filter>
    <Filter Include="Runtime">
      <UniqueIdentifier>{da521358-85a0-427e-9c29-67a2ba9651af}</UniqueIdentifier>
    </Filter>
    <Filter Include="Configuration">
      <UniqueIdentifier>{0aedde78-b6dc-4381-b1bb-57d3edd0b459}</UniqueIdentifier>
    </Filter>
    <Filter Include="Configuration\XmlParsing">
      <UniqueIdentifier>{4243181c-0203-43b4-b237-3da165de6b9a}</UniqueIdentifier>
    </Filter>
    <Filter Include="Configuration\Factory">
      <UniqueIdentifier>{29a18754-5b7a-4d1a-8c75-eadcbd01a4c4}</UniqueIdentifier>
    </Filter>
    <Filter Include="Configuration\Scripting">
      <UniqueIdentifier>{0849a3b8-cad8-479c-b81a-55fb3234173c}</UniqueIdentifier>
    </Filter>
    <Filter Include="Misc">
      <UniqueIdentifier>{5a04737e-47d2-4e0e-a554-1cb1c29b79d1}</UniqueIdentifier>
    </Filter>
  </ItemGroup>
  <ItemGroup>
    <None Include="$(MSBuildThisFileDirectory)SList.inl">
      <Filter>Containers</Filter>
    </None>
    <None Include="$(MSBuildThisFileDirectory)Vector.inl">
      <Filter>Containers</Filter>
    </None>
    <None Include="$(MSBuildThisFileDirectory)HashMap.inl">
      <Filter>Containers</Filter>
    </None>
    <None Include="$(MSBuildThisFileDirectory)Factory.inl">
      <Filter>Configuration\Factory</Filter>
    </None>
  </ItemGroup>
</Project>